
Microsoft Visual Studio Solution File, Format Version 12.00
# Visual Studio 15
VisualStudioVersion = 15.0.27130.2020
MinimumVisualStudioVersion = 10.0.40219.1
Project("{FAE04EC0-301F-11D3-BF4B-00C04F79EFBC}") = "PapaBobsPizza", "PapaBobsPizza\PapaBobsPizza.csproj", "{F68B3900-C451-4F32-91A7-C5FC3F8412DE}"
EndProject
Global
	GlobalSection(SolutionConfigurationPlatforms) = preSolution
		Debug|Any CPU = Debug|Any CPU
		Release|Any CPU = Release|Any CPU
	EndGlobalSection
	GlobalSection(ProjectConfigurationPlatforms) = postSolution
		{F68B3900-C451-4F32-91A7-C5FC3F8412DE}.Debug|Any CPU.ActiveCfg = Debug|Any CPU
		{F68B3900-C451-4F32-91A7-C5FC3F8412DE}.Debug|Any CPU.Build.0 = Debug|Any CPU
		{F68B3900-C451-4F32-91A7-C5FC3F8412DE}.Release|Any CPU.ActiveCfg = Release|Any CPU
		{F68B3900-C451-4F32-91A7-C5FC3F8412DE}.Release|Any CPU.Build.0 = Release|Any CPU
	EndGlobalSection
	GlobalSection(SolutionProperties) = preSolution
		HideSolutionNode = FALSE
	EndGlobalSection
	GlobalSection(ExtensibilityGlobals) = postSolution
		SolutionGuid = {EC0B0433-0F52-4E91-A491-2692FC64683E}
	EndGlobalSection
EndGlobal
